
Microsoft Visual Studio Solution File, Format Version 12.00
# Visual Studio Version 17
VisualStudioVersion = 17.14.36804.6 d17.14
MinimumVisualStudioVersion = 10.0.40219.1
Project("{FAE04EC0-301F-11D3-BF4B-00C04F79EFBC}") = "Task1", "Task1\Task1.csproj", "{CF8758BD-F83A-4797-A2C6-1E043FF9864F}"
EndProject
Project("{FAE04EC0-301F-11D3-BF4B-00C04F79EFBC}") = "Task2", "Task2\Task2.csproj", "{27ED6747-18F3-4C12-BB86-AEC7EC1BD0AC}"
EndProject
Project("{FAE04EC0-301F-11D3-BF4B-00C04F79EFBC}") = "Task3", "Task3\Task3.csproj", "{2DB15BA6-A9FE-450B-907E-908ECD0554D3}"
EndProject
Project("{FAE04EC0-301F-11D3-BF4B-00C04F79EFBC}") = "Task4", "Task4\Task4.csproj", "{4F7A0EFC-1C0E-4E00-9B20-7A61DA79B746}"
EndProject
Project("{FAE04EC0-301F-11D3-BF4B-00C04F79EFBC}") = "Task5", "Task5\Task5.csproj", "{3493560E-D565-496E-A31F-7EAD26F1B196}"
EndProject
Global
	GlobalSection(SolutionConfigurationPlatforms) = preSolution
		Debug R21|Any CPU = Debug R21|Any CPU
		Debug R22|Any CPU = Debug R22|Any CPU
		Debug R23|Any CPU = Debug R23|Any CPU
		Debug R24|Any CPU = Debug R24|Any CPU
		Debug R25|Any CPU = Debug R25|Any CPU
		Debug R26|Any CPU = Debug R26|Any CPU
		Release R21|Any CPU = Release R21|Any CPU
		Release R22|Any CPU = Release R22|Any CPU
		Release R23|Any CPU = Release R23|Any CPU
		Release R24|Any CPU = Release R24|Any CPU
		Release R25|Any CPU = Release R25|Any CPU
		Release R26|Any CPU = Release R26|Any CPU
	EndGlobalSection
	GlobalSection(ProjectConfigurationPlatforms) = postSolution
		{CF8758BD-F83A-4797-A2C6-1E043FF9864F}.Debug R21|Any CPU.ActiveCfg = Debug R21|Any CPU
		{CF8758BD-F83A-4797-A2C6-1E043FF9864F}.Debug R21|Any CPU.Build.0 = Debug R21|Any CPU
		{CF8758BD-F83A-4797-A2C6-1E043FF9864F}.Debug R22|Any CPU.ActiveCfg = Debug R22|Any CPU
		{CF8758BD-F83A-4797-A2C6-1E043FF9864F}.Debug R22|Any CPU.Build.0 = Debug R22|Any CPU
		{CF8758BD-F83A-4797-A2C6-1E043FF9864F}.Debug R23|Any CPU.ActiveCfg = Debug R23|Any CPU
		{CF8758BD-F83A-4797-A2C6-1E043FF9864F}.Debug R23|Any CPU.Build.0 = Debug R23|Any CPU
		{CF8758BD-F83A-4797-A2C6-1E043FF9864F}.Debug R24|Any CPU.ActiveCfg = Debug R24|Any CPU
		{CF8758BD-F83A-4797-A2C6-1E043FF9864F}.Debug R24|Any CPU.Build.0 = Debug R24|Any CPU
		{CF8758BD-F83A-4797-A2C6-1E043FF9864F}.Debug R25|Any CPU.ActiveCfg = Debug R25|Any CPU
		{CF8758BD-F83A-4797-A2C6-1E043FF9864F}.Debug R25|Any CPU.Build.0 = Debug R25|Any CPU
		{CF8758BD-F83A-4797-A2C6-1E043FF9864F}.Debug R26|Any CPU.ActiveCfg = Debug R26|Any CPU
		{CF8758BD-F83A-4797-A2C6-1E043FF9864F}.Debug R26|Any CPU.Build.0 = Debug R26|Any CPU
		{CF8758BD-F83A-4797-A2C6-1E043FF9864F}.Release R21|Any CPU.ActiveCfg = Release R21|Any CPU
		{CF8758BD-F83A-4797-A2C6-1E043FF9864F}.Release R21|Any CPU.Build.0 = Release R21|Any CPU
		{CF8758BD-F83A-4797-A2C6-1E043FF9864F}.Release R22|Any CPU.ActiveCfg = Release R22|Any CPU
		{CF8758BD-F83A-4797-A2C6-1E043FF9864F}.Release R22|Any CPU.Build.0 = Release R22|Any CPU
		{CF8758BD-F83A-4797-A2C6-1E043FF9864F}.Release R23|Any CPU.ActiveCfg = Release R23|Any CPU
		{CF8758BD-F83A-4797-A2C6-1E043FF9864F}.Release R23|Any CPU.Build.0 = Release R23|Any CPU
		{CF8758BD-F83A-4797-A2C6-1E043FF9864F}.Release R24|Any CPU.ActiveCfg = Release R24|Any CPU
		{CF8758BD-F83A-4797-A2C6-1E043FF9864F}.Release R24|Any CPU.Build.0 = Release R24|Any CPU
		{CF8758BD-F83A-4797-A2C6-1E043FF9864F}.Release R25|Any CPU.ActiveCfg = Release R25|Any CPU
		{CF8758BD-F83A-4797-A2C6-1E043FF9864F}.Release R25|Any CPU.Build.0 = Release R25|Any CPU
		{CF8758BD-F83A-4797-A2C6-1E043FF9864F}.Release R26|Any CPU.ActiveCfg = Release R26|Any CPU
		{CF8758BD-F83A-4797-A2C6-1E043FF9864F}.Release R26|Any CPU.Build.0 = Release R26|Any CPU
		{27ED6747-18F3-4C12-BB86-AEC7EC1BD0AC}.Debug R21|Any CPU.ActiveCfg = Debug R21|Any CPU
		{27ED6747-18F3-4C12-BB86-AEC7EC1BD0AC}.Debug R21|Any CPU.Build.0 = Debug R21|Any CPU
		{27ED6747-18F3-4C12-BB86-AEC7EC1BD0AC}.Debug R22|Any CPU.ActiveCfg = Debug R22|Any CPU
		{27ED6747-18F3-4C12-BB86-AEC7EC1BD0AC}.Debug R22|Any CPU.Build.0 = Debug R22|Any CPU
		{27ED6747-18F3-4C12-BB86-AEC7EC1BD0AC}.Debug R23|Any CPU.ActiveCfg = Debug R23|Any CPU
		{27ED6747-18F3-4C12-BB86-AEC7EC1BD0AC}.Debug R23|Any CPU.Build.0 = Debug R23|Any CPU
		{27ED6747-18F3-4C12-BB86-AEC7EC1BD0AC}.Debug R24|Any CPU.ActiveCfg = Debug R24|Any CPU
		{27ED6747-18F3-4C12-BB86-AEC7EC1BD0AC}.Debug R24|Any CPU.Build.0 = Debug R24|Any CPU
		{27ED6747-18F3-4C12-BB86-AEC7EC1BD0AC}.Debug R25|Any CPU.ActiveCfg = Debug R25|Any CPU
		{27ED6747-18F3-4C12-BB86-AEC7EC1BD0AC}.Debug R25|Any CPU.Build.0 = Debug R25|Any CPU
		{27ED6747-18F3-4C12-BB86-AEC7EC1BD0AC}.Debug R26|Any CPU.ActiveCfg = Debug R26|Any CPU
		{27ED6747-18F3-4C12-BB86-AEC7EC1BD0AC}.Debug R26|Any CPU.Build.0 = Debug R26|Any CPU
		{27ED6747-18F3-4C12-BB86-AEC7EC1BD0AC}.Release R21|Any CPU.ActiveCfg = Release R21|Any CPU
		{27ED6747-18F3-4C12-BB86-AEC7EC1BD0AC}.Release R21|Any CPU.Build.0 = Release R21|Any CPU
		{27ED6747-18F3-4C12-BB86-AEC7EC1BD0AC}.Release R22|Any CPU.ActiveCfg = Release R22|Any CPU
		{27ED6747-18F3-4C12-BB86-AEC7EC1BD0AC}.Release R22|Any CPU.Build.0 = Release R22|Any CPU
		{27ED6747-18F3-4C12-BB86-AEC7EC1BD0AC}.Release R23|Any CPU.ActiveCfg = Release R23|Any CPU
		{27ED6747-18F3-4C12-BB86-AEC7EC1BD0AC}.Release R23|Any CPU.Build.0 = Release R23|Any CPU
		{27ED6747-18F3-4C12-BB86-AEC7EC1BD0AC}.Release R24|Any CPU.ActiveCfg = Release R24|Any CPU
		{27ED6747-18F3-4C12-BB86-AEC7EC1BD0AC}.Release R24|Any CPU.Build.0 = Release R24|Any CPU
		{27ED6747-18F3-4C12-BB86-AEC7EC1BD0AC}.Release R25|Any CPU.ActiveCfg = Release R25|Any CPU
		{27ED6747-18F3-4C12-BB86-AEC7EC1BD0AC}.Release R25|Any CPU.Build.0 = Release R25|Any CPU
		{27ED6747-18F3-4C12-BB86-AEC7EC1BD0AC}.Release R26|Any CPU.ActiveCfg = Release R26|Any CPU
		{27ED6747-18F3-4C12-BB86-AEC7EC1BD0AC}.Release R26|Any CPU.Build.0 = Release R26|Any CPU
		{2DB15BA6-A9FE-450B-907E-908ECD0554D3}.Debug R21|Any CPU.ActiveCfg = Debug R21|Any CPU
		{2DB15BA6-A9FE-450B-907E-908ECD0554D3}.Debug R21|Any CPU.Build.0 = Debug R21|Any CPU
		{2DB15BA6-A9FE-450B-907E-908ECD0554D3}.Debug R22|Any CPU.ActiveCfg = Debug R22|Any CPU
		{2DB15BA6-A9FE-450B-907E-908ECD0554D3}.Debug R22|Any CPU.Build.0 = Debug R22|Any CPU
		{2DB15BA6-A9FE-450B-907E-908ECD0554D3}.Debug R23|Any CPU.ActiveCfg = Debug R23|Any CPU
		{2DB15BA6-A9FE-450B-907E-908ECD0554D3}.Debug R23|Any CPU.Build.0 = Debug R23|Any CPU
		{2DB15BA6-A9FE-450B-907E-908ECD0554D3}.Debug R24|Any CPU.ActiveCfg = Debug R24|Any CPU
		{2DB15BA6-A9FE-450B-907E-908ECD0554D3}.Debug R24|Any CPU.Build.0 = Debug R24|Any CPU
		{2DB15BA6-A9FE-450B-907E-908ECD0554D3}.Debug R25|Any CPU.ActiveCfg = Debug R25|Any CPU
		{2DB15BA6-A9FE-450B-907E-908ECD0554D3}.Debug R25|Any CPU.Build.0 = Debug R25|Any CPU
		{2DB15BA6-A9FE-450B-907E-908ECD0554D3}.Debug R26|Any CPU.ActiveCfg = Debug R26|Any CPU
		{2DB15BA6-A9FE-450B-907E-908ECD0554D3}.Debug R26|Any CPU.Build.0 = Debug R26|Any CPU
		{2DB15BA6-A9FE-450B-907E-908ECD0554D3}.Release R21|Any CPU.ActiveCfg = Release R21|Any CPU
		{2DB15BA6-A9FE-450B-907E-908ECD0554D3}.Release R21|Any CPU.Build.0 = Release R21|Any CPU
		{2DB15BA6-A9FE-450B-907E-908ECD0554D3}.Release R22|Any CPU.ActiveCfg = Release R22|Any CPU
		{2DB15BA6-A9FE-450B-907E-908ECD0554D3}.Release R22|Any CPU.Build.0 = Release R22|Any CPU
		{2DB15BA6-A9FE-450B-907E-908ECD0554D3}.Release R23|Any CPU.ActiveCfg = Release R23|Any CPU
		{2DB15BA6-A9FE-450B-907E-908ECD0554D3}.Release R23|Any CPU.Build.0 = Release R23|Any CPU
		{2DB15BA6-A9FE-450B-907E-908ECD0554D3}.Release R24|Any CPU.ActiveCfg = Release R24|Any CPU
		{2DB15BA6-A9FE-450B-907E-908ECD0554D3}.Release R24|Any CPU.Build.0 = Release R24|Any CPU
		{2DB15BA6-A9FE-450B-907E-908ECD0554D3}.Release R25|Any CPU.ActiveCfg = Release R25|Any CPU
		{2DB15BA6-A9FE-450B-907E-908ECD0554D3}.Release R25|Any CPU.Build.0 = Release R25|Any CPU
		{2DB15BA6-A9FE-450B-907E-908ECD0554D3}.Release R26|Any CPU.ActiveCfg = Release R26|Any CPU
		{2DB15BA6-A9FE-450B-907E-908ECD0554D3}.Release R26|Any CPU.Build.0 = Release R26|Any CPU
		{4F7A0EFC-1C0E-4E00-9B20-7A61DA79B746}.Debug R21|Any CPU.ActiveCfg = Debug R21|Any CPU
		{4F7A0EFC-1C0E-4E00-9B20-7A61DA79B746}.Debug R21|Any CPU.Build.0 = Debug R21|Any CPU
		{4F7A0EFC-1C0E-4E00-9B20-7A61DA79B746}.Debug R22|Any CPU.ActiveCfg = Debug R22|Any CPU
		{4F7A0EFC-1C0E-4E00-9B20-7A61DA79B746}.Debug R22|Any CPU.Build.0 = Debug R22|Any CPU
		{4F7A0EFC-1C0E-4E00-9B20-7A61DA79B746}.Debug R23|Any CPU.ActiveCfg = Debug R23|Any CPU
		{4F7A0EFC-1C0E-4E00-9B20-7A61DA79B746}.Debug R23|Any CPU.Build.0 = Debug R23|Any CPU
		{4F7A0EFC-1C0E-4E00-9B20-7A61DA79B746}.Debug R24|Any CPU.ActiveCfg = Debug R24|Any CPU
		{4F7A0EFC-1C0E-4E00-9B20-7A61DA79B746}.Debug R24|Any CPU.Build.0 = Debug R24|Any CPU
		{4F7A0EFC-1C0E-4E00-9B20-7A61DA79B746}.Debug R25|Any CPU.ActiveCfg = Debug R25|Any CPU
		{4F7A0EFC-1C0E-4E00-9B20-7A61DA79B746}.Debug R25|Any CPU.Build.0 = Debug R25|Any CPU
		{4F7A0EFC-1C0E-4E00-9B20-7A61DA79B746}.Debug R26|Any CPU.ActiveCfg = Debug R26|Any CPU
		{4F7A0EFC-1C0E-4E00-9B20-7A61DA79B746}.Debug R26|Any CPU.Build.0 = Debug R26|Any CPU
		{4F7A0EFC-1C0E-4E00-9B20-7A61DA79B746}.Release R21|Any CPU.ActiveCfg = Release R21|Any CPU
		{4F7A0EFC-1C0E-4E00-9B20-7A61DA79B746}.Release R21|Any CPU.Build.0 = Release R21|Any CPU
		{4F7A0EFC-1C0E-4E00-9B20-7A61DA79B746}.Release R22|Any CPU.ActiveCfg = Release R22|Any CPU
		{4F7A0EFC-1C0E-4E00-9B20-7A61DA79B746}.Release R22|Any CPU.Build.0 = Release R22|Any CPU
		{4F7A0EFC-1C0E-4E00-9B20-7A61DA79B746}.Release R23|Any CPU.ActiveCfg = Release R23|Any CPU
		{4F7A0EFC-1C0E-4E00-9B20-7A61DA79B746}.Release R23|Any CPU.Build.0 = Release R23|Any CPU
		{4F7A0EFC-1C0E-4E00-9B20-7A61DA79B746}.Release R24|Any CPU.ActiveCfg = Release R24|Any CPU
		{4F7A0EFC-1C0E-4E00-9B20-7A61DA79B746}.Release R24|Any CPU.Build.0 = Release R24|Any CPU
		{4F7A0EFC-1C0E-4E00-9B20-7A61DA79B746}.Release R25|Any CPU.ActiveCfg = Release R25|Any CPU
		{4F7A0EFC-1C0E-4E00-9B20-7A61DA79B746}.Release R25|Any CPU.Build.0 = Release R25|Any CPU
		{4F7A0EFC-1C0E-4E00-9B20-7A61DA79B746}.Release R26|Any CPU.ActiveCfg = Release R26|Any CPU
		{4F7A0EFC-1C0E-4E00-9B20-7A61DA79B746}.Release R26|Any CPU.Build.0 = Release R26|Any CPU
		{3493560E-D565-496E-A31F-7EAD26F1B196}.Debug R21|Any CPU.ActiveCfg = Debug R21|Any CPU
		{3493560E-D565-496E-A31F-7EAD26F1B196}.Debug R21|Any CPU.Build.0 = Debug R21|Any CPU
		{3493560E-D565-496E-A31F-7EAD26F1B196}.Debug R22|Any CPU.ActiveCfg = Debug R22|Any CPU
		{3493560E-D565-496E-A31F-7EAD26F1B196}.Debug R22|Any CPU.Build.0 = Debug R22|Any CPU
		{3493560E-D565-496E-A31F-7EAD26F1B196}.Debug R23|Any CPU.ActiveCfg = Debug R23|Any CPU
		{3493560E-D565-496E-A31F-7EAD26F1B196}.Debug R23|Any CPU.Build.0 = Debug R23|Any CPU
		{3493560E-D565-496E-A31F-7EAD26F1B196}.Debug R24|Any CPU.ActiveCfg = Debug R24|Any CPU
		{3493560E-D565-496E-A31F-7EAD26F1B196}.Debug R24|Any CPU.Build.0 = Debug R24|Any CPU
		{3493560E-D565-496E-A31F-7EAD26F1B196}.Debug R25|Any CPU.ActiveCfg = Debug R25|Any CPU
		{3493560E-D565-496E-A31F-7EAD26F1B196}.Debug R25|Any CPU.Build.0 = Debug R25|Any CPU
		{3493560E-D565-496E-A31F-7EAD26F1B196}.Debug R26|Any CPU.ActiveCfg = Debug R26|Any CPU
		{3493560E-D565-496E-A31F-7EAD26F1B196}.Debug R26|Any CPU.Build.0 = Debug R26|Any CPU
		{3493560E-D565-496E-A31F-7EAD26F1B196}.Release R21|Any CPU.ActiveCfg = Release R21|Any CPU
		{3493560E-D565-496E-A31F-7EAD26F1B196}.Release R21|Any CPU.Build.0 = Release R21|Any CPU
		{3493560E-D565-496E-A31F-7EAD26F1B196}.Release R22|Any CPU.ActiveCfg = Release R22|Any CPU
		{3493560E-D565-496E-A31F-7EAD26F1B196}.Release R22|Any CPU.Build.0 = Release R22|Any CPU
		{3493560E-D565-496E-A31F-7EAD26F1B196}.Release R23|Any CPU.ActiveCfg = Release R23|Any CPU
		{3493560E-D565-496E-A31F-7EAD26F1B196}.Release R23|Any CPU.Build.0 = Release R23|Any CPU
		{3493560E-D565-496E-A31F-7EAD26F1B196}.Release R24|Any CPU.ActiveCfg = Release R24|Any CPU
		{3493560E-D565-496E-A31F-7EAD26F1B196}.Release R24|Any CPU.Build.0 = Release R24|Any CPU
		{3493560E-D565-496E-A31F-7EAD26F1B196}.Release R25|Any CPU.ActiveCfg = Release R25|Any CPU
		{3493560E-D565-496E-A31F-7EAD26F1B196}.Release R25|Any CPU.Build.0 = Release R25|Any CPU
		{3493560E-D565-496E-A31F-7EAD26F1B196}.Release R26|Any CPU.ActiveCfg = Release R26|Any CPU
		{3493560E-D565-496E-A31F-7EAD26F1B196}.Release R26|Any CPU.Build.0 = Release R26|Any CPU
	EndGlobalSection
	GlobalSection(SolutionProperties) = preSolution
		HideSolutionNode = FALSE
	EndGlobalSection
	GlobalSection(ExtensibilityGlobals) = postSolution
		SolutionGuid = {DAB30824-FE28-426B-B2B5-24A218CF52CE}
	EndGlobalSection
EndGlobal
